
Microsoft Visual Studio Solution File, Format Version 12.00
# Visual Studio Version 17
VisualStudioVersion = 17.4.33205.214
MinimumVisualStudioVersion = 10.0.40219.1
Project("{FAE04EC0-301F-11D3-BF4B-00C04F79EFBC}") = "Shop_Item.API", "Shop_Item.API\Shop_Item.API.csproj", "{1A19D573-27AA-42D6-A331-171E1762735A}"
EndProject
Global
	GlobalSection(SolutionConfigurationPlatforms) = preSolution
		Debug|Any CPU = Debug|Any CPU
		Release|Any CPU = Release|Any CPU
	EndGlobalSection
	GlobalSection(ProjectConfigurationPlatforms) = postSolution
		{1A19D573-27AA-42D6-A331-171E1762735A}.Debug|Any CPU.ActiveCfg = Debug|Any CPU
		{1A19D573-27AA-42D6-A331-171E1762735A}.Debug|Any CPU.Build.0 = Debug|Any CPU
		{1A19D573-27AA-42D6-A331-171E1762735A}.Release|Any CPU.ActiveCfg = Release|Any CPU
		{1A19D573-27AA-42D6-A331-171E1762735A}.Release|Any CPU.Build.0 = Release|Any CPU
	EndGlobalSection
	GlobalSection(SolutionProperties) = preSolution
		HideSolutionNode = FALSE
	EndGlobalSection
	GlobalSection(ExtensibilityGlobals) = postSolution
		SolutionGuid = {C3BABBC9-3BE1-46AB-AD2F-3A1D6BA0B61B}
	EndGlobalSection
EndGlobal
